
Microsoft Visual Studio Solution File, Format Version 12.00
# Visual Studio 15
VisualStudioVersion = 15.0.28307.1209
MinimumVisualStudioVersion = 10.0.40219.1
Project("{2150E333-8FDC-42A3-9474-1A3956D46DE8}") = "0-Domain", "0-Domain", "{1D41895C-0244-4453-890A-BD30A168C8D2}"
EndProject
Project("{2150E333-8FDC-42A3-9474-1A3956D46DE8}") = "1-Tests", "1-Tests", "{049AA618-7C65-4C88-BA98-D8376FA06F4C}"
EndProject
Project("{2150E333-8FDC-42A3-9474-1A3956D46DE8}") = "2-Infra", "2-Infra", "{8E8DADAF-60B1-4138-900D-C10EF277AA1B}"
EndProject
Project("{2150E333-8FDC-42A3-9474-1A3956D46DE8}") = "3-Application", "3-Application", "{84BC3F27-BB0F-40BB-9558-2CBA0D94855B}"
EndProject
Project("{2150E333-8FDC-42A3-9474-1A3956D46DE8}") = "4-API", "4-API", "{C5F5CB20-B949-463F-B9F6-CA2FDFFEBC6C}"
EndProject
Project("{2150E333-8FDC-42A3-9474-1A3956D46DE8}") = "5-Presentation", "5-Presentation", "{9A5F1688-FD5D-4085-B217-1FCDB34D0CCB}"
EndProject
Project("{FAE04EC0-301F-11D3-BF4B-00C04F79EFBC}") = "Switch.Domain", "..\Switch.Domain\Switch.Domain.csproj", "{33A17F81-FFC6-4BE0-B9E4-128208DF44B7}"
EndProject
Project("{FAE04EC0-301F-11D3-BF4B-00C04F79EFBC}") = "Switch.Domain.Tests", "Switch.Domain.Tests\Switch.Domain.Tests.csproj", "{E5D99DEE-09BA-4729-B808-27344A77FCE3}"
EndProject
Project("{2150E333-8FDC-42A3-9474-1A3956D46DE8}") = "2.1 CrossCouting", "2.1 CrossCouting", "{E3799F59-DFBB-4D5F-86C7-327589D30BE8}"
EndProject
Project("{2150E333-8FDC-42A3-9474-1A3956D46DE8}") = "2.2 Data", "2.2 Data", "{453D9399-A80D-4021-87AA-22E3AB1EF338}"
EndProject
Project("{FAE04EC0-301F-11D3-BF4B-00C04F79EFBC}") = "Switch.Infra.Data", "Switch.Infra.Data\Switch.Infra.Data.csproj", "{1AB90F43-4248-4449-AE6D-980854208742}"
EndProject
Project("{FAE04EC0-301F-11D3-BF4B-00C04F79EFBC}") = "Switch.Application", "Switch.Application\Switch.Application.csproj", "{654702A6-479D-4C91-82EA-80531A7FAD18}"
EndProject
Project("{FAE04EC0-301F-11D3-BF4B-00C04F79EFBC}") = "Switch.API", "Switch.API\Switch.API.csproj", "{B4F57EB4-610C-4A55-8BEF-822ECD5E0C70}"
EndProject
Global
	GlobalSection(SolutionConfigurationPlatforms) = preSolution
		Debug|Any CPU = Debug|Any CPU
		Release|Any CPU = Release|Any CPU
	EndGlobalSection
	GlobalSection(ProjectConfigurationPlatforms) = postSolution
		{33A17F81-FFC6-4BE0-B9E4-128208DF44B7}.Debug|Any CPU.ActiveCfg = Debug|Any CPU
		{33A17F81-FFC6-4BE0-B9E4-128208DF44B7}.Debug|Any CPU.Build.0 = Debug|Any CPU
		{33A17F81-FFC6-4BE0-B9E4-128208DF44B7}.Release|Any CPU.ActiveCfg = Release|Any CPU
		{33A17F81-FFC6-4BE0-B9E4-128208DF44B7}.Release|Any CPU.Build.0 = Release|Any CPU
		{E5D99DEE-09BA-4729-B808-27344A77FCE3}.Debug|Any CPU.ActiveCfg = Debug|Any CPU
		{E5D99DEE-09BA-4729-B808-27344A77FCE3}.Debug|Any CPU.Build.0 = Debug|Any CPU
		{E5D99DEE-09BA-4729-B808-27344A77FCE3}.Release|Any CPU.ActiveCfg = Release|Any CPU
		{E5D99DEE-09BA-4729-B808-27344A77FCE3}.Release|Any CPU.Build.0 = Release|Any CPU
		{1AB90F43-4248-4449-AE6D-980854208742}.Debug|Any CPU.ActiveCfg = Debug|Any CPU
		{1AB90F43-4248-4449-AE6D-980854208742}.Debug|Any CPU.Build.0 = Debug|Any CPU
		{1AB90F43-4248-4449-AE6D-980854208742}.Release|Any CPU.ActiveCfg = Release|Any CPU
		{1AB90F43-4248-4449-AE6D-980854208742}.Release|Any CPU.Build.0 = Release|Any CPU
		{654702A6-479D-4C91-82EA-80531A7FAD18}.Debug|Any CPU.ActiveCfg = Debug|Any CPU
		{654702A6-479D-4C91-82EA-80531A7FAD18}.Debug|Any CPU.Build.0 = Debug|Any CPU
		{654702A6-479D-4C91-82EA-80531A7FAD18}.Release|Any CPU.ActiveCfg = Release|Any CPU
		{654702A6-479D-4C91-82EA-80531A7FAD18}.Release|Any CPU.Build.0 = Release|Any CPU
		{B4F57EB4-610C-4A55-8BEF-822ECD5E0C70}.Debug|Any CPU.ActiveCfg = Debug|Any CPU
		{B4F57EB4-610C-4A55-8BEF-822ECD5E0C70}.Debug|Any CPU.Build.0 = Debug|Any CPU
		{B4F57EB4-610C-4A55-8BEF-822ECD5E0C70}.Release|Any CPU.ActiveCfg = Release|Any CPU
		{B4F57EB4-610C-4A55-8BEF-822ECD5E0C70}.Release|Any CPU.Build.0 = Release|Any CPU
	EndGlobalSection
	GlobalSection(SolutionProperties) = preSolution
		HideSolutionNode = FALSE
	EndGlobalSection
	GlobalSection(NestedProjects) = preSolution
		{33A17F81-FFC6-4BE0-B9E4-128208DF44B7} = {1D41895C-0244-4453-890A-BD30A168C8D2}
		{E5D99DEE-09BA-4729-B808-27344A77FCE3} = {049AA618-7C65-4C88-BA98-D8376FA06F4C}
		{E3799F59-DFBB-4D5F-86C7-327589D30BE8} = {8E8DADAF-60B1-4138-900D-C10EF277AA1B}
		{453D9399-A80D-4021-87AA-22E3AB1EF338} = {8E8DADAF-60B1-4138-900D-C10EF277AA1B}
		{1AB90F43-4248-4449-AE6D-980854208742} = {8E8DADAF-60B1-4138-900D-C10EF277AA1B}
		{654702A6-479D-4C91-82EA-80531A7FAD18} = {84BC3F27-BB0F-40BB-9558-2CBA0D94855B}
		{B4F57EB4-610C-4A55-8BEF-822ECD5E0C70} = {C5F5CB20-B949-463F-B9F6-CA2FDFFEBC6C}
	EndGlobalSection
	GlobalSection(ExtensibilityGlobals) = postSolution
		SolutionGuid = {4B458E9C-E3E1-4036-8E72-42EDA06CF508}
	EndGlobalSection
EndGlobal
